
Microsoft Visual Studio Solution File, Format Version 12.00
# Visual Studio Version 17
VisualStudioVersion = 17.4.33205.214
MinimumVisualStudioVersion = 10.0.40219.1
Project("{FAE04EC0-301F-11D3-BF4B-00C04F79EFBC}") = "Session-05", "Session-05\Session-05.csproj", "{A38D8329-0966-400B-B954-671897D5F333}"
EndProject
Global
	GlobalSection(SolutionConfigurationPlatforms) = preSolution
		Debug|Any CPU = Debug|Any CPU
		Release|Any CPU = Release|Any CPU
	EndGlobalSection
	GlobalSection(ProjectConfigurationPlatforms) = postSolution
		{A38D8329-0966-400B-B954-671897D5F333}.Debug|Any CPU.ActiveCfg = Debug|Any CPU
		{A38D8329-0966-400B-B954-671897D5F333}.Debug|Any CPU.Build.0 = Debug|Any CPU
		{A38D8329-0966-400B-B954-671897D5F333}.Release|Any CPU.ActiveCfg = Release|Any CPU
		{A38D8329-0966-400B-B954-671897D5F333}.Release|Any CPU.Build.0 = Release|Any CPU
	EndGlobalSection
	GlobalSection(SolutionProperties) = preSolution
		HideSolutionNode = FALSE
	EndGlobalSection
	GlobalSection(ExtensibilityGlobals) = postSolution
		SolutionGuid = {EC2493B8-EB15-4BE8-87EE-173D2AE43823}
	EndGlobalSection
EndGlobal
